
Microsoft Visual Studio Solution File, Format Version 12.00
# Visual Studio Version 16
VisualStudioVersion = 16.0.29424.173
MinimumVisualStudioVersion = 10.0.40219.1
Project("{9A19103F-16F7-4668-BE54-9A1E7A4F7556}") = "SDT.WebApp", "SDT.WebApp\SDT.WebApp.csproj", "{BE676A5B-58CA-4EBD-B196-036E8ED055EE}"
EndProject
Project("{9A19103F-16F7-4668-BE54-9A1E7A4F7556}") = "MvcLib", "MvcLib\MvcLib.csproj", "{EF43AA2D-CE32-4635-9D4D-4955858F9B84}"
EndProject
Project("{2150E333-8FDC-42A3-9474-1A3956D46DE8}") = "Solution Items", "Solution Items", "{C44790BA-1BCD-431F-9ECF-7585A514C79F}"
	ProjectSection(SolutionItems) = preProject
		readme.txt = readme.txt
	EndProjectSection
EndProject
Project("{9A19103F-16F7-4668-BE54-9A1E7A4F7556}") = "CatDI", "CatDI\CatDI.csproj", "{451D3B4D-CC28-44E2-95C9-0FD491879D83}"
EndProject
Project("{2150E333-8FDC-42A3-9474-1A3956D46DE8}") = "WEB", "WEB", "{76DA572C-291D-47FF-A548-B1575A65E469}"
EndProject
Project("{2150E333-8FDC-42A3-9474-1A3956D46DE8}") = "IdentityServer4", "IdentityServer4", "{9E352943-F084-4DC5-9546-3325EFAE561E}"
EndProject
Project("{2150E333-8FDC-42A3-9474-1A3956D46DE8}") = "ClientCredentials", "ClientCredentials", "{EA770F27-0DFA-43CD-9857-9D6192E2A1FF}"
EndProject
Project("{9A19103F-16F7-4668-BE54-9A1E7A4F7556}") = "SDT.IdentityServer", "ClientCredentials\SDT.IdentityServer\SDT.IdentityServer.csproj", "{399FA702-B5C3-4977-8C9E-3C1B21966560}"
EndProject
Project("{9A19103F-16F7-4668-BE54-9A1E7A4F7556}") = "SDT.Client", "ClientCredentials\SDT.Client\SDT.Client.csproj", "{7AC8A9B1-6E7C-45E2-8A51-21A15D1EDC31}"
EndProject
Project("{9A19103F-16F7-4668-BE54-9A1E7A4F7556}") = "SDT.Api", "ClientCredentials\SDT.Api\SDT.Api.csproj", "{521DCB7C-0585-4823-BBE7-AAC419BAFD9A}"
EndProject
Project("{2150E333-8FDC-42A3-9474-1A3956D46DE8}") = "ResourceOwnerPassword", "ResourceOwnerPassword", "{EB5BDC84-EC95-4173-B4B3-9B00C053C633}"
EndProject
Project("{9A19103F-16F7-4668-BE54-9A1E7A4F7556}") = "SDT.IdentityServer", "ResourceOwnerPassword\SDT.IdentityServer\SDT.IdentityServer.csproj", "{88E832C6-CA64-44FD-82A4-80E946E59FEC}"
EndProject
Project("{9A19103F-16F7-4668-BE54-9A1E7A4F7556}") = "SDT.Client", "ResourceOwnerPassword\SDT.Client\SDT.Client.csproj", "{1EEE9124-E4F5-4E50-A0D6-B77C9D2A0051}"
EndProject
Project("{9A19103F-16F7-4668-BE54-9A1E7A4F7556}") = "SDT.Api", "ResourceOwnerPassword\SDT.Api\SDT.Api.csproj", "{56793A5F-3CC3-4FF6-8FF8-8008AF651D98}"
EndProject
Project("{2150E333-8FDC-42A3-9474-1A3956D46DE8}") = "Implicit", "Implicit", "{A758DB24-7C3C-428D-BA79-94E590D0A834}"
EndProject
Project("{FAE04EC0-301F-11D3-BF4B-00C04F79EFBC}") = "SDT.Servers", "Implicit\SDT.Servers\SDT.Servers.csproj", "{E536AF9D-327B-4BE8-B265-86A00327FDD7}"
EndProject
Project("{9A19103F-16F7-4668-BE54-9A1E7A4F7556}") = "MVCClient", "Implicit\MVCClient\MVCClient.csproj", "{CB05AF96-5543-4B51-9AB3-C92F78C08AEA}"
EndProject
Project("{FAE04EC0-301F-11D3-BF4B-00C04F79EFBC}") = "SDT.SimpleApp", "SDT.SimpleApp\SDT.SimpleApp.csproj", "{C9AD5A16-F979-460B-A754-4FE9F5CCD842}"
EndProject
Global
	GlobalSection(SolutionConfigurationPlatforms) = preSolution
		Debug|Any CPU = Debug|Any CPU
		Release|Any CPU = Release|Any CPU
	EndGlobalSection
	GlobalSection(ProjectConfigurationPlatforms) = postSolution
		{BE676A5B-58CA-4EBD-B196-036E8ED055EE}.Debug|Any CPU.ActiveCfg = Debug|Any CPU
		{BE676A5B-58CA-4EBD-B196-036E8ED055EE}.Debug|Any CPU.Build.0 = Debug|Any CPU
		{BE676A5B-58CA-4EBD-B196-036E8ED055EE}.Release|Any CPU.ActiveCfg = Release|Any CPU
		{BE676A5B-58CA-4EBD-B196-036E8ED055EE}.Release|Any CPU.Build.0 = Release|Any CPU
		{EF43AA2D-CE32-4635-9D4D-4955858F9B84}.Debug|Any CPU.ActiveCfg = Debug|Any CPU
		{EF43AA2D-CE32-4635-9D4D-4955858F9B84}.Debug|Any CPU.Build.0 = Debug|Any CPU
		{EF43AA2D-CE32-4635-9D4D-4955858F9B84}.Release|Any CPU.ActiveCfg = Release|Any CPU
		{EF43AA2D-CE32-4635-9D4D-4955858F9B84}.Release|Any CPU.Build.0 = Release|Any CPU
		{451D3B4D-CC28-44E2-95C9-0FD491879D83}.Debug|Any CPU.ActiveCfg = Debug|Any CPU
		{451D3B4D-CC28-44E2-95C9-0FD491879D83}.Debug|Any CPU.Build.0 = Debug|Any CPU
		{451D3B4D-CC28-44E2-95C9-0FD491879D83}.Release|Any CPU.ActiveCfg = Release|Any CPU
		{451D3B4D-CC28-44E2-95C9-0FD491879D83}.Release|Any CPU.Build.0 = Release|Any CPU
		{399FA702-B5C3-4977-8C9E-3C1B21966560}.Debug|Any CPU.ActiveCfg = Debug|Any CPU
		{399FA702-B5C3-4977-8C9E-3C1B21966560}.Debug|Any CPU.Build.0 = Debug|Any CPU
		{399FA702-B5C3-4977-8C9E-3C1B21966560}.Release|Any CPU.ActiveCfg = Release|Any CPU
		{399FA702-B5C3-4977-8C9E-3C1B21966560}.Release|Any CPU.Build.0 = Release|Any CPU
		{7AC8A9B1-6E7C-45E2-8A51-21A15D1EDC31}.Debug|Any CPU.ActiveCfg = Debug|Any CPU
		{7AC8A9B1-6E7C-45E2-8A51-21A15D1EDC31}.Debug|Any CPU.Build.0 = Debug|Any CPU
		{7AC8A9B1-6E7C-45E2-8A51-21A15D1EDC31}.Release|Any CPU.ActiveCfg = Release|Any CPU
		{7AC8A9B1-6E7C-45E2-8A51-21A15D1EDC31}.Release|Any CPU.Build.0 = Release|Any CPU
		{521DCB7C-0585-4823-BBE7-AAC419BAFD9A}.Debug|Any CPU.ActiveCfg = Debug|Any CPU
		{521DCB7C-0585-4823-BBE7-AAC419BAFD9A}.Debug|Any CPU.Build.0 = Debug|Any CPU
		{521DCB7C-0585-4823-BBE7-AAC419BAFD9A}.Release|Any CPU.ActiveCfg = Release|Any CPU
		{521DCB7C-0585-4823-BBE7-AAC419BAFD9A}.Release|Any CPU.Build.0 = Release|Any CPU
		{88E832C6-CA64-44FD-82A4-80E946E59FEC}.Debug|Any CPU.ActiveCfg = Debug|Any CPU
		{88E832C6-CA64-44FD-82A4-80E946E59FEC}.Debug|Any CPU.Build.0 = Debug|Any CPU
		{88E832C6-CA64-44FD-82A4-80E946E59FEC}.Release|Any CPU.ActiveCfg = Release|Any CPU
		{88E832C6-CA64-44FD-82A4-80E946E59FEC}.Release|Any CPU.Build.0 = Release|Any CPU
		{1EEE9124-E4F5-4E50-A0D6-B77C9D2A0051}.Debug|Any CPU.ActiveCfg = Debug|Any CPU
		{1EEE9124-E4F5-4E50-A0D6-B77C9D2A0051}.Debug|Any CPU.Build.0 = Debug|Any CPU
		{1EEE9124-E4F5-4E50-A0D6-B77C9D2A0051}.Release|Any CPU.ActiveCfg = Release|Any CPU
		{1EEE9124-E4F5-4E50-A0D6-B77C9D2A0051}.Release|Any CPU.Build.0 = Release|Any CPU
		{56793A5F-3CC3-4FF6-8FF8-8008AF651D98}.Debug|Any CPU.ActiveCfg = Debug|Any CPU
		{56793A5F-3CC3-4FF6-8FF8-8008AF651D98}.Debug|Any CPU.Build.0 = Debug|Any CPU
		{56793A5F-3CC3-4FF6-8FF8-8008AF651D98}.Release|Any CPU.ActiveCfg = Release|Any CPU
		{56793A5F-3CC3-4FF6-8FF8-8008AF651D98}.Release|Any CPU.Build.0 = Release|Any CPU
		{E536AF9D-327B-4BE8-B265-86A00327FDD7}.Debug|Any CPU.ActiveCfg = Debug|Any CPU
		{E536AF9D-327B-4BE8-B265-86A00327FDD7}.Debug|Any CPU.Build.0 = Debug|Any CPU
		{E536AF9D-327B-4BE8-B265-86A00327FDD7}.Release|Any CPU.ActiveCfg = Release|Any CPU
		{E536AF9D-327B-4BE8-B265-86A00327FDD7}.Release|Any CPU.Build.0 = Release|Any CPU
		{CB05AF96-5543-4B51-9AB3-C92F78C08AEA}.Debug|Any CPU.ActiveCfg = Debug|Any CPU
		{CB05AF96-5543-4B51-9AB3-C92F78C08AEA}.Debug|Any CPU.Build.0 = Debug|Any CPU
		{CB05AF96-5543-4B51-9AB3-C92F78C08AEA}.Release|Any CPU.ActiveCfg = Release|Any CPU
		{CB05AF96-5543-4B51-9AB3-C92F78C08AEA}.Release|Any CPU.Build.0 = Release|Any CPU
		{C9AD5A16-F979-460B-A754-4FE9F5CCD842}.Debug|Any CPU.ActiveCfg = Debug|Any CPU
		{C9AD5A16-F979-460B-A754-4FE9F5CCD842}.Debug|Any CPU.Build.0 = Debug|Any CPU
		{C9AD5A16-F979-460B-A754-4FE9F5CCD842}.Release|Any CPU.ActiveCfg = Release|Any CPU
		{C9AD5A16-F979-460B-A754-4FE9F5CCD842}.Release|Any CPU.Build.0 = Release|Any CPU
	EndGlobalSection
	GlobalSection(SolutionProperties) = preSolution
		HideSolutionNode = FALSE
	EndGlobalSection
	GlobalSection(NestedProjects) = preSolution
		{BE676A5B-58CA-4EBD-B196-036E8ED055EE} = {76DA572C-291D-47FF-A548-B1575A65E469}
		{EA770F27-0DFA-43CD-9857-9D6192E2A1FF} = {9E352943-F084-4DC5-9546-3325EFAE561E}
		{399FA702-B5C3-4977-8C9E-3C1B21966560} = {EA770F27-0DFA-43CD-9857-9D6192E2A1FF}
		{7AC8A9B1-6E7C-45E2-8A51-21A15D1EDC31} = {EA770F27-0DFA-43CD-9857-9D6192E2A1FF}
		{521DCB7C-0585-4823-BBE7-AAC419BAFD9A} = {EA770F27-0DFA-43CD-9857-9D6192E2A1FF}
		{EB5BDC84-EC95-4173-B4B3-9B00C053C633} = {9E352943-F084-4DC5-9546-3325EFAE561E}
		{88E832C6-CA64-44FD-82A4-80E946E59FEC} = {EB5BDC84-EC95-4173-B4B3-9B00C053C633}
		{1EEE9124-E4F5-4E50-A0D6-B77C9D2A0051} = {EB5BDC84-EC95-4173-B4B3-9B00C053C633}
		{56793A5F-3CC3-4FF6-8FF8-8008AF651D98} = {EB5BDC84-EC95-4173-B4B3-9B00C053C633}
		{A758DB24-7C3C-428D-BA79-94E590D0A834} = {9E352943-F084-4DC5-9546-3325EFAE561E}
		{E536AF9D-327B-4BE8-B265-86A00327FDD7} = {A758DB24-7C3C-428D-BA79-94E590D0A834}
		{CB05AF96-5543-4B51-9AB3-C92F78C08AEA} = {A758DB24-7C3C-428D-BA79-94E590D0A834}
		{C9AD5A16-F979-460B-A754-4FE9F5CCD842} = {A758DB24-7C3C-428D-BA79-94E590D0A834}
	EndGlobalSection
	GlobalSection(ExtensibilityGlobals) = postSolution
		SolutionGuid = {B65744FE-8D97-42F1-9DE8-4178CD08D58E}
	EndGlobalSection
EndGlobal
