
Microsoft Visual Studio Solution File, Format Version 12.00
# Visual Studio Version 16
VisualStudioVersion = 16.0.29424.173
MinimumVisualStudioVersion = 10.0.40219.1
Project("{FAE04EC0-301F-11D3-BF4B-00C04F79EFBC}") = "SDT.WebApp", "SDT.WebApp\SDT.WebApp.csproj", "{BE676A5B-58CA-4EBD-B196-036E8ED055EE}"
EndProject
Global
	GlobalSection(SolutionConfigurationPlatforms) = preSolution
		Debug|Any CPU = Debug|Any CPU
		Release|Any CPU = Release|Any CPU
	EndGlobalSection
	GlobalSection(ProjectConfigurationPlatforms) = postSolution
		{BE676A5B-58CA-4EBD-B196-036E8ED055EE}.Debug|Any CPU.ActiveCfg = Debug|Any CPU
		{BE676A5B-58CA-4EBD-B196-036E8ED055EE}.Debug|Any CPU.Build.0 = Debug|Any CPU
		{BE676A5B-58CA-4EBD-B196-036E8ED055EE}.Release|Any CPU.ActiveCfg = Release|Any CPU
		{BE676A5B-58CA-4EBD-B196-036E8ED055EE}.Release|Any CPU.Build.0 = Release|Any CPU
	EndGlobalSection
	GlobalSection(SolutionProperties) = preSolution
		HideSolutionNode = FALSE
	EndGlobalSection
	GlobalSection(ExtensibilityGlobals) = postSolution
		SolutionGuid = {B65744FE-8D97-42F1-9DE8-4178CD08D58E}
	EndGlobalSection
EndGlobal
